
Microsoft Visual Studio Solution File, Format Version 12.00
# Visual Studio Version 16
VisualStudioVersion = 16.0.31729.503
MinimumVisualStudioVersion = 10.0.40219.1
Project("{FAE04EC0-301F-11D3-BF4B-00C04F79EFBC}") = "MicroServicesWithAsp", "MicroServicesWithAsp\MicroServicesWithAsp.csproj", "{587C720E-6BF2-48AA-A46A-576857001722}"
EndProject
Project("{FAE04EC0-301F-11D3-BF4B-00C04F79EFBC}") = "DataEntityLayer", "DataEntityLayer\DataEntityLayer.csproj", "{C2E655B8-5FB2-4761-85DC-A39DA4AA8C6A}"
EndProject
Project("{FAE04EC0-301F-11D3-BF4B-00C04F79EFBC}") = "APIGateway", "APIGateway\APIGateway.csproj", "{B1588812-4EAB-4773-8E23-2DDDCB0F6A87}"
EndProject
Global
	GlobalSection(SolutionConfigurationPlatforms) = preSolution
		Debug|Any CPU = Debug|Any CPU
		Release|Any CPU = Release|Any CPU
	EndGlobalSection
	GlobalSection(ProjectConfigurationPlatforms) = postSolution
		{587C720E-6BF2-48AA-A46A-576857001722}.Debug|Any CPU.ActiveCfg = Debug|Any CPU
		{587C720E-6BF2-48AA-A46A-576857001722}.Debug|Any CPU.Build.0 = Debug|Any CPU
		{587C720E-6BF2-48AA-A46A-576857001722}.Release|Any CPU.ActiveCfg = Release|Any CPU
		{587C720E-6BF2-48AA-A46A-576857001722}.Release|Any CPU.Build.0 = Release|Any CPU
		{C2E655B8-5FB2-4761-85DC-A39DA4AA8C6A}.Debug|Any CPU.ActiveCfg = Debug|Any CPU
		{C2E655B8-5FB2-4761-85DC-A39DA4AA8C6A}.Debug|Any CPU.Build.0 = Debug|Any CPU
		{C2E655B8-5FB2-4761-85DC-A39DA4AA8C6A}.Release|Any CPU.ActiveCfg = Release|Any CPU
		{C2E655B8-5FB2-4761-85DC-A39DA4AA8C6A}.Release|Any CPU.Build.0 = Release|Any CPU
		{B1588812-4EAB-4773-8E23-2DDDCB0F6A87}.Debug|Any CPU.ActiveCfg = Debug|Any CPU
		{B1588812-4EAB-4773-8E23-2DDDCB0F6A87}.Debug|Any CPU.Build.0 = Debug|Any CPU
		{B1588812-4EAB-4773-8E23-2DDDCB0F6A87}.Release|Any CPU.ActiveCfg = Release|Any CPU
		{B1588812-4EAB-4773-8E23-2DDDCB0F6A87}.Release|Any CPU.Build.0 = Release|Any CPU
	EndGlobalSection
	GlobalSection(SolutionProperties) = preSolution
		HideSolutionNode = FALSE
	EndGlobalSection
	GlobalSection(ExtensibilityGlobals) = postSolution
		SolutionGuid = {EB7D34FD-44FB-4346-ADC7-2E27827CED70}
	EndGlobalSection
EndGlobal
